<Solution>
  <Project Path="RestaurantManagement.Application/RestaurantManagement.Application.csproj" />
  <Project Path="RestaurantManagement.Domain/RestaurantManagement.Domain.csproj" />
  <Project Path="RestaurantManagement.Infrastructure/RestaurantManagement.Infrastructure.csproj" />
  <Project Path="RestaurantManagement.WebApi/RestaurantManagement.WebApi.csproj" />
</Solution>
